
Microsoft Visual Studio Solution File, Format Version 12.00
# Visual Studio 2013
VisualStudioVersion = 12.0.31010.0
MinimumVisualStudioVersion = 10.0.40219.1
Project("{FAE04EC0-301F-11D3-BF4B-00C04F79EFBC}") = "SharpTemplate.Test", "SharpTemplate.TEst\SharpTemplate.Test.csproj", "{AC77A191-9A42-43E2-980B-572C7FD0A0A2}"
EndProject
Project("{FAE04EC0-301F-11D3-BF4B-00C04F79EFBC}") = "SharpTemplate", "SharpTemplate\SharpTemplate.csproj", "{8995C056-B019-4579-AEFD-C61AE93AABDA}"
EndProject
Project("{2150E333-8FDC-42A3-9474-1A3956D46DE8}") = ".nuget", ".nuget", "{66C26E16-4D28-49AF-BE94-347B450ABB7E}"
	ProjectSection(SolutionItems) = preProject
		.nuget\NuGet.Config = .nuget\NuGet.Config
		.nuget\NuGet.exe = .nuget\NuGet.exe
		.nuget\NuGet.targets = .nuget\NuGet.targets
	EndProjectSection
EndProject
Global
	GlobalSection(SolutionConfigurationPlatforms) = preSolution
		Debug|Any CPU = Debug|Any CPU
		Release|Any CPU = Release|Any CPU
	EndGlobalSection
	GlobalSection(ProjectConfigurationPlatforms) = postSolution
		{AC77A191-9A42-43E2-980B-572C7FD0A0A2}.Debug|Any CPU.ActiveCfg = Debug|Any CPU
		{AC77A191-9A42-43E2-980B-572C7FD0A0A2}.Debug|Any CPU.Build.0 = Debug|Any CPU
		{AC77A191-9A42-43E2-980B-572C7FD0A0A2}.Release|Any CPU.ActiveCfg = Release|Any CPU
		{AC77A191-9A42-43E2-980B-572C7FD0A0A2}.Release|Any CPU.Build.0 = Release|Any CPU
		{8995C056-B019-4579-AEFD-C61AE93AABDA}.Debug|Any CPU.ActiveCfg = Debug|Any CPU
		{8995C056-B019-4579-AEFD-C61AE93AABDA}.Debug|Any CPU.Build.0 = Debug|Any CPU
		{8995C056-B019-4579-AEFD-C61AE93AABDA}.Release|Any CPU.ActiveCfg = Release|Any CPU
		{8995C056-B019-4579-AEFD-C61AE93AABDA}.Release|Any CPU.Build.0 = Release|Any CPU
	EndGlobalSection
	GlobalSection(SolutionProperties) = preSolution
		HideSolutionNode = FALSE
	EndGlobalSection
EndGlobal
